
Microsoft Visual Studio Solution File, Format Version 12.00
# Visual Studio Version 17
VisualStudioVersion = 17.2.32516.85
MinimumVisualStudioVersion = 10.0.40219.1
Project("{9A19103F-16F7-4668-BE54-9A1E7A4F7556}") = "TrainTicketSystem", "TrainTicketSystem\TrainTicketSystem.csproj", "{A80A828D-DD67-4E1B-AB59-46F1A82FD0C8}"
EndProject
Project("{FAE04EC0-301F-11D3-BF4B-00C04F79EFBC}") = "TrainTicketSystemTests", "TrainTicketSystemTests\TrainTicketSystemTests.csproj", "{63DD7030-9AC6-46C8-A904-876C6C207FD0}"
EndProject
Global
	GlobalSection(SolutionConfigurationPlatforms) = preSolution
		Debug|Any CPU = Debug|Any CPU
		Release|Any CPU = Release|Any CPU
	EndGlobalSection
	GlobalSection(ProjectConfigurationPlatforms) = postSolution
		{A80A828D-DD67-4E1B-AB59-46F1A82FD0C8}.Debug|Any CPU.ActiveCfg = Debug|Any CPU
		{A80A828D-DD67-4E1B-AB59-46F1A82FD0C8}.Debug|Any CPU.Build.0 = Debug|Any CPU
		{A80A828D-DD67-4E1B-AB59-46F1A82FD0C8}.Release|Any CPU.ActiveCfg = Release|Any CPU
		{A80A828D-DD67-4E1B-AB59-46F1A82FD0C8}.Release|Any CPU.Build.0 = Release|Any CPU
		{63DD7030-9AC6-46C8-A904-876C6C207FD0}.Debug|Any CPU.ActiveCfg = Debug|Any CPU
		{63DD7030-9AC6-46C8-A904-876C6C207FD0}.Debug|Any CPU.Build.0 = Debug|Any CPU
		{63DD7030-9AC6-46C8-A904-876C6C207FD0}.Release|Any CPU.ActiveCfg = Release|Any CPU
		{63DD7030-9AC6-46C8-A904-876C6C207FD0}.Release|Any CPU.Build.0 = Release|Any CPU
	EndGlobalSection
	GlobalSection(SolutionProperties) = preSolution
		HideSolutionNode = FALSE
	EndGlobalSection
	GlobalSection(ExtensibilityGlobals) = postSolution
		SolutionGuid = {3F09C1B3-7B54-4BF2-8BA4-41A53466A665}
	EndGlobalSection
EndGlobal
